// !$*UTF8*$!
{
	archiveVersion = 1;
	classes = {
	};
	objectVersion = 52;
	objects = {

/* Begin PBXBuildFile section */
		6339BFB2251B4E4600310D1D /* AnimatedLabel.swift in Sources */ = {isa = PBXBuildFile; fileRef = 6339BFB1251B4E4600310D1D /* AnimatedLabel.swift */; };
		63589F48251FDD9C008CFD48 /* SettingsViewController.swift in Sources */ = {isa = PBXBuildFile; fileRef = 63589F47251FDD9C008CFD48 /* SettingsViewController.swift */; };
		63589F4C2521C037008CFD48 /* SettingsSection.swift in Sources */ = {isa = PBXBuildFile; fileRef = 63589F4B2521C037008CFD48 /* SettingsSection.swift */; };
		63589F502521C3C1008CFD48 /* SettingsCell.swift in Sources */ = {isa = PBXBuildFile; fileRef = 63589F4F2521C3C1008CFD48 /* SettingsCell.swift */; };
		635939C3251888EA00776BB9 /* Hydrate.xcdatamodeld in Sources */ = {isa = PBXBuildFile; fileRef = 635939C1251888EA00776BB9 /* Hydrate.xcdatamodeld */; };
		635939C625188A7F00776BB9 /* CoreDataStack.swift in Sources */ = {isa = PBXBuildFile; fileRef = 635939C525188A7F00776BB9 /* CoreDataStack.swift */; };
		635939C925188AE600776BB9 /* IntakeEntry+Convenience.swift in Sources */ = {isa = PBXBuildFile; fileRef = 635939C825188AE600776BB9 /* IntakeEntry+Convenience.swift */; };
		635DA0042536C3280026D570 /* HydrateSettings.swift in Sources */ = {isa = PBXBuildFile; fileRef = 635DA0032536C3280026D570 /* HydrateSettings.swift */; };
		6364B85825EC25D60043698A /* ChartView.swift in Sources */ = {isa = PBXBuildFile; fileRef = 6364B85725EC25D60043698A /* ChartView.swift */; };
		6364B85C25EC26950043698A /* CareKitUI in Frameworks */ = {isa = PBXBuildFile; productRef = 6364B85B25EC26950043698A /* CareKitUI */; };
		63769DC22522EF6000E26A48 /* EntriesTableViewController.swift in Sources */ = {isa = PBXBuildFile; fileRef = 63769DC12522EF6000E26A48 /* EntriesTableViewController.swift */; };
		63769DC82523F2FB00E26A48 /* DailyLog+Convenience.swift in Sources */ = {isa = PBXBuildFile; fileRef = 63769DC72523F2FB00E26A48 /* DailyLog+Convenience.swift */; };
		63769DD02526F08B00E26A48 /* DailyLogController.swift in Sources */ = {isa = PBXBuildFile; fileRef = 63769DCF2526F08B00E26A48 /* DailyLogController.swift */; };
		63769DD8252B025C00E26A48 /* Notification+Extension.swift in Sources */ = {isa = PBXBuildFile; fileRef = 63769DD7252B025C00E26A48 /* Notification+Extension.swift */; };
		638A3C8E25D9AA52008931D1 /* HealthKit.framework in Frameworks */ = {isa = PBXBuildFile; fileRef = 638A3C8D25D9AA52008931D1 /* HealthKit.framework */; };
		638A3C9325D9C734008931D1 /* HealthKitSetupAssistant.swift in Sources */ = {isa = PBXBuildFile; fileRef = 638A3C9225D9C734008931D1 /* HealthKitSetupAssistant.swift */; };
		638A3C9D25DB074F008931D1 /* ProfileDataStore.swift in Sources */ = {isa = PBXBuildFile; fileRef = 638A3C9C25DB074F008931D1 /* ProfileDataStore.swift */; };
		638A3D0625DB62C2008931D1 /* UITableView+Extension.swift in Sources */ = {isa = PBXBuildFile; fileRef = 638A3D0525DB62C2008931D1 /* UITableView+Extension.swift */; };
		638DC5852516718200C4D1D9 /* DataViewController.swift in Sources */ = {isa = PBXBuildFile; fileRef = 638DC5842516718200C4D1D9 /* DataViewController.swift */; };
		638DC58925182EB900C4D1D9 /* DailyLogTableViewController.swift in Sources */ = {isa = PBXBuildFile; fileRef = 638DC58825182EB900C4D1D9 /* DailyLogTableViewController.swift */; };
		63A6A11C251051D9009417CB /* AppDelegate.swift in Sources */ = {isa = PBXBuildFile; fileRef = 63A6A11B251051D9009417CB /* AppDelegate.swift */; };
		63A6A11E251051D9009417CB /* SceneDelegate.swift in Sources */ = {isa = PBXBuildFile; fileRef = 63A6A11D251051D9009417CB /* SceneDelegate.swift */; };
		63A6A125251051DA009417CB /* Assets.xcassets in Resources */ = {isa = PBXBuildFile; fileRef = 63A6A124251051DA009417CB /* Assets.xcassets */; };
		63A6A128251051DA009417CB /* LaunchScreen.storyboard in Resources */ = {isa = PBXBuildFile; fileRef = 63A6A126251051DA009417CB /* LaunchScreen.storyboard */; };
		63A6A13225105EF2009417CB /* MainViewController.swift in Sources */ = {isa = PBXBuildFile; fileRef = 63A6A13125105EF2009417CB /* MainViewController.swift */; };
		63A6A135251067F2009417CB /* UIColor+Extension.swift in Sources */ = {isa = PBXBuildFile; fileRef = 63A6A134251067F2009417CB /* UIColor+Extension.swift */; };
		63A6A13725106964009417CB /* UIView+Extension.swift in Sources */ = {isa = PBXBuildFile; fileRef = 63A6A13625106964009417CB /* UIView+Extension.swift */; };
		63A6A139251069E8009417CB /* Date+Extension.swift in Sources */ = {isa = PBXBuildFile; fileRef = 63A6A138251069E8009417CB /* Date+Extension.swift */; };
		63A6A13D25107716009417CB /* WaterAnimationView.swift in Sources */ = {isa = PBXBuildFile; fileRef = 63A6A13C25107716009417CB /* WaterAnimationView.swift */; };
		63BA790E25BA906F00ACCD95 /* UIViewController+Extension.swift in Sources */ = {isa = PBXBuildFile; fileRef = 63BA790D25BA906F00ACCD95 /* UIViewController+Extension.swift */; };
		63BAC6CE2542990D00A53057 /* MeasurementMarkerView.swift in Sources */ = {isa = PBXBuildFile; fileRef = 63BAC6CD2542990D00A53057 /* MeasurementMarkerView.swift */; };
		63D2E28E25D594CE00AE52FB /* LocalNotificationManager.swift in Sources */ = {isa = PBXBuildFile; fileRef = 63D2E28D25D594CE00AE52FB /* LocalNotificationManager.swift */; };
		63D2E29125D77CF200AE52FB /* LocalNotificationContentModel.swift in Sources */ = {isa = PBXBuildFile; fileRef = 63D2E29025D77CF200AE52FB /* LocalNotificationContentModel.swift */; };
		63EF334B25BEB3DB00880FA4 /* ConfettiView.swift in Sources */ = {isa = PBXBuildFile; fileRef = 63EF334A25BEB3DB00880FA4 /* ConfettiView.swift */; };
/* End PBXBuildFile section */

/* Begin PBXFileReference section */
		6339BFB1251B4E4600310D1D /* AnimatedLabel.swift */ = {isa = PBXFileReference; lastKnownFileType = sourcecode.swift; path = AnimatedLabel.swift; sourceTree = "<group>"; };
		63589F47251FDD9C008CFD48 /* SettingsViewController.swift */ = {isa = PBXFileReference; lastKnownFileType = sourcecode.swift; path = SettingsViewController.swift; sourceTree = "<group>"; };
		63589F4B2521C037008CFD48 /* SettingsSection.swift */ = {isa = PBXFileReference; lastKnownFileType = sourcecode.swift; path = SettingsSection.swift; sourceTree = "<group>"; };
		63589F4F2521C3C1008CFD48 /* SettingsCell.swift */ = {isa = PBXFileReference; lastKnownFileType = sourcecode.swift; path = SettingsCell.swift; sourceTree = "<group>"; };
		635939C2251888EA00776BB9 /* Hydrate.xcdatamodel */ = {isa = PBXFileReference; lastKnownFileType = wrapper.xcdatamodel; path = Hydrate.xcdatamodel; sourceTree = "<group>"; };
		635939C525188A7F00776BB9 /* CoreDataStack.swift */ = {isa = PBXFileReference; lastKnownFileType = sourcecode.swift; path = CoreDataStack.swift; sourceTree = "<group>"; };
		635939C825188AE600776BB9 /* IntakeEntry+Convenience.swift */ = {isa = PBXFileReference; lastKnownFileType = sourcecode.swift; path = "IntakeEntry+Convenience.swift"; sourceTree = "<group>"; };
		635DA0032536C3280026D570 /* HydrateSettings.swift */ = {isa = PBXFileReference; lastKnownFileType = sourcecode.swift; path = HydrateSettings.swift; sourceTree = "<group>"; };
		6364B85725EC25D60043698A /* ChartView.swift */ = {isa = PBXFileReference; lastKnownFileType = sourcecode.swift; path = ChartView.swift; sourceTree = "<group>"; };
		63769DC12522EF6000E26A48 /* EntriesTableViewController.swift */ = {isa = PBXFileReference; lastKnownFileType = sourcecode.swift; path = EntriesTableViewController.swift; sourceTree = "<group>"; };
		63769DC72523F2FB00E26A48 /* DailyLog+Convenience.swift */ = {isa = PBXFileReference; lastKnownFileType = sourcecode.swift; path = "DailyLog+Convenience.swift"; sourceTree = "<group>"; };
		63769DCF2526F08B00E26A48 /* DailyLogController.swift */ = {isa = PBXFileReference; lastKnownFileType = sourcecode.swift; path = DailyLogController.swift; sourceTree = "<group>"; };
		63769DD7252B025C00E26A48 /* Notification+Extension.swift */ = {isa = PBXFileReference; lastKnownFileType = sourcecode.swift; path = "Notification+Extension.swift"; sourceTree = "<group>"; };
		638A3C8B25D9AA52008931D1 /* Hydrate.entitlements */ = {isa = PBXFileReference; lastKnownFileType = text.plist.entitlements; path = Hydrate.entitlements; sourceTree = "<group>"; };
		638A3C8D25D9AA52008931D1 /* HealthKit.framework */ = {isa = PBXFileReference; lastKnownFileType = wrapper.framework; name = HealthKit.framework; path = System/Library/Frameworks/HealthKit.framework; sourceTree = SDKROOT; };
		638A3C9225D9C734008931D1 /* HealthKitSetupAssistant.swift */ = {isa = PBXFileReference; lastKnownFileType = sourcecode.swift; path = HealthKitSetupAssistant.swift; sourceTree = "<group>"; };
		638A3C9C25DB074F008931D1 /* ProfileDataStore.swift */ = {isa = PBXFileReference; lastKnownFileType = sourcecode.swift; path = ProfileDataStore.swift; sourceTree = "<group>"; };
		638A3D0525DB62C2008931D1 /* UITableView+Extension.swift */ = {isa = PBXFileReference; lastKnownFileType = sourcecode.swift; path = "UITableView+Extension.swift"; sourceTree = "<group>"; };
		638DC5842516718200C4D1D9 /* DataViewController.swift */ = {isa = PBXFileReference; lastKnownFileType = sourcecode.swift; path = DataViewController.swift; sourceTree = "<group>"; };
		638DC58825182EB900C4D1D9 /* DailyLogTableViewController.swift */ = {isa = PBXFileReference; lastKnownFileType = sourcecode.swift; path = DailyLogTableViewController.swift; sourceTree = "<group>"; };
		63A6A118251051D9009417CB /* Hydrate.app */ = {isa = PBXFileReference; explicitFileType = wrapper.application; includeInIndex = 0; path = Hydrate.app; sourceTree = BUILT_PRODUCTS_DIR; };
		63A6A11B251051D9009417CB /* AppDelegate.swift */ = {isa = PBXFileReference; lastKnownFileType = sourcecode.swift; path = AppDelegate.swift; sourceTree = "<group>"; };
		63A6A11D251051D9009417CB /* SceneDelegate.swift */ = {isa = PBXFileReference; lastKnownFileType = sourcecode.swift; path = SceneDelegate.swift; sourceTree = "<group>"; };
		63A6A124251051DA009417CB /* Assets.xcassets */ = {isa = PBXFileReference; lastKnownFileType = folder.assetcatalog; path = Assets.xcassets; sourceTree = "<group>"; };
		63A6A127251051DA009417CB /* Base */ = {isa = PBXFileReference; lastKnownFileType = file.storyboard; name = Base; path = Base.lproj/LaunchScreen.storyboard; sourceTree = "<group>"; };
		63A6A129251051DA009417CB /* Info.plist */ = {isa = PBXFileReference; lastKnownFileType = text.plist.xml; path = Info.plist; sourceTree = "<group>"; };
		63A6A13125105EF2009417CB /* MainViewController.swift */ = {isa = PBXFileReference; lastKnownFileType = sourcecode.swift; path = MainViewController.swift; sourceTree = "<group>"; };
		63A6A134251067F2009417CB /* UIColor+Extension.swift */ = {isa = PBXFileReference; lastKnownFileType = sourcecode.swift; path = "UIColor+Extension.swift"; sourceTree = "<group>"; };
		63A6A13625106964009417CB /* UIView+Extension.swift */ = {isa = PBXFileReference; lastKnownFileType = sourcecode.swift; path = "UIView+Extension.swift"; sourceTree = "<group>"; };
		63A6A138251069E8009417CB /* Date+Extension.swift */ = {isa = PBXFileReference; lastKnownFileType = sourcecode.swift; path = "Date+Extension.swift"; sourceTree = "<group>"; };
		63A6A13C25107716009417CB /* WaterAnimationView.swift */ = {isa = PBXFileReference; lastKnownFileType = sourcecode.swift; path = WaterAnimationView.swift; sourceTree = "<group>"; };
		63BA790D25BA906F00ACCD95 /* UIViewController+Extension.swift */ = {isa = PBXFileReference; lastKnownFileType = sourcecode.swift; path = "UIViewController+Extension.swift"; sourceTree = "<group>"; };
		63BAC6CD2542990D00A53057 /* MeasurementMarkerView.swift */ = {isa = PBXFileReference; lastKnownFileType = sourcecode.swift; path = MeasurementMarkerView.swift; sourceTree = "<group>"; };
		63D2E28D25D594CE00AE52FB /* LocalNotificationManager.swift */ = {isa = PBXFileReference; lastKnownFileType = sourcecode.swift; path = LocalNotificationManager.swift; sourceTree = "<group>"; };
		63D2E29025D77CF200AE52FB /* LocalNotificationContentModel.swift */ = {isa = PBXFileReference; lastKnownFileType = sourcecode.swift; path = LocalNotificationContentModel.swift; sourceTree = "<group>"; };
		63EF334A25BEB3DB00880FA4 /* ConfettiView.swift */ = {isa = PBXFileReference; lastKnownFileType = sourcecode.swift; path = ConfettiView.swift; sourceTree = "<group>"; };
/* End PBXFileReference section */

/* Begin PBXFrameworksBuildPhase section */
		63A6A115251051D9009417CB /* Frameworks */ = {
			isa = PBXFrameworksBuildPhase;
			buildActionMask = 2147483647;
			files = (
				6364B85C25EC26950043698A /* CareKitUI in Frameworks */,
				638A3C8E25D9AA52008931D1 /* HealthKit.framework in Frameworks */,
			);
			runOnlyForDeploymentPostprocessing = 0;
		};
/* End PBXFrameworksBuildPhase section */

/* Begin PBXGroup section */
		63589F4A2521C000008CFD48 /* Settings */ = {
			isa = PBXGroup;
			children = (
				635DA0032536C3280026D570 /* HydrateSettings.swift */,
				63589F4B2521C037008CFD48 /* SettingsSection.swift */,
			);
			path = Settings;
			sourceTree = "<group>";
		};
		635939C0251888BA00776BB9 /* Models */ = {
			isa = PBXGroup;
			children = (
				63589F4A2521C000008CFD48 /* Settings */,
				635939C1251888EA00776BB9 /* Hydrate.xcdatamodeld */,
				635939C525188A7F00776BB9 /* CoreDataStack.swift */,
				635939C825188AE600776BB9 /* IntakeEntry+Convenience.swift */,
				63769DC72523F2FB00E26A48 /* DailyLog+Convenience.swift */,
			);
			path = Models;
			sourceTree = "<group>";
		};
		63769DD22526F0AB00E26A48 /* Model Controllers */ = {
			isa = PBXGroup;
			children = (
				63769DCF2526F08B00E26A48 /* DailyLogController.swift */,
			);
			path = "Model Controllers";
			sourceTree = "<group>";
		};
		638A3C8C25D9AA52008931D1 /* Frameworks */ = {
			isa = PBXGroup;
			children = (
				638A3C8D25D9AA52008931D1 /* HealthKit.framework */,
			);
			name = Frameworks;
			sourceTree = "<group>";
		};
		638A3C9625DB072E008931D1 /* Health */ = {
			isa = PBXGroup;
			children = (
				638A3C9225D9C734008931D1 /* HealthKitSetupAssistant.swift */,
				638A3C9C25DB074F008931D1 /* ProfileDataStore.swift */,
			);
			path = Health;
			sourceTree = "<group>";
		};
		63A6A10F251051D9009417CB = {
			isa = PBXGroup;
			children = (
				63A6A11A251051D9009417CB /* Hydrate */,
				63A6A119251051D9009417CB /* Products */,
				638A3C8C25D9AA52008931D1 /* Frameworks */,
			);
			sourceTree = "<group>";
		};
		63A6A119251051D9009417CB /* Products */ = {
			isa = PBXGroup;
			children = (
				63A6A118251051D9009417CB /* Hydrate.app */,
			);
			name = Products;
			sourceTree = "<group>";
		};
		63A6A11A251051D9009417CB /* Hydrate */ = {
			isa = PBXGroup;
			children = (
				635939C0251888BA00776BB9 /* Models */,
				63769DD22526F0AB00E26A48 /* Model Controllers */,
				63A6A13A251070FC009417CB /* Views */,
				63A6A13025105ED5009417CB /* View Controllers */,
				63A6A1332510677A009417CB /* Utilities */,
				63A6A12F251056A0009417CB /* Resources */,
			);
			path = Hydrate;
			sourceTree = "<group>";
		};
		63A6A12F251056A0009417CB /* Resources */ = {
			isa = PBXGroup;
			children = (
				63A6A129251051DA009417CB /* Info.plist */,
				63A6A11B251051D9009417CB /* AppDelegate.swift */,
				63A6A11D251051D9009417CB /* SceneDelegate.swift */,
				63A6A124251051DA009417CB /* Assets.xcassets */,
				63A6A126251051DA009417CB /* LaunchScreen.storyboard */,
				638A3C8B25D9AA52008931D1 /* Hydrate.entitlements */,
			);
			path = Resources;
			sourceTree = "<group>";
		};
		63A6A13025105ED5009417CB /* View Controllers */ = {
			isa = PBXGroup;
			children = (
				63A6A13125105EF2009417CB /* MainViewController.swift */,
				638DC5842516718200C4D1D9 /* DataViewController.swift */,
				638DC58825182EB900C4D1D9 /* DailyLogTableViewController.swift */,
				63769DC12522EF6000E26A48 /* EntriesTableViewController.swift */,
				63589F47251FDD9C008CFD48 /* SettingsViewController.swift */,
			);
			path = "View Controllers";
			sourceTree = "<group>";
		};
		63A6A1332510677A009417CB /* Utilities */ = {
			isa = PBXGroup;
			children = (
				638A3C9625DB072E008931D1 /* Health */,
				63A6A134251067F2009417CB /* UIColor+Extension.swift */,
				63A6A13625106964009417CB /* UIView+Extension.swift */,
				63A6A138251069E8009417CB /* Date+Extension.swift */,
				63769DD7252B025C00E26A48 /* Notification+Extension.swift */,
				63BA790D25BA906F00ACCD95 /* UIViewController+Extension.swift */,
				638A3D0525DB62C2008931D1 /* UITableView+Extension.swift */,
				63D2E28D25D594CE00AE52FB /* LocalNotificationManager.swift */,
				63D2E29025D77CF200AE52FB /* LocalNotificationContentModel.swift */,
			);
			path = Utilities;
			sourceTree = "<group>";
		};
		63A6A13A251070FC009417CB /* Views */ = {
			isa = PBXGroup;
			children = (
				63A6A13C25107716009417CB /* WaterAnimationView.swift */,
				6339BFB1251B4E4600310D1D /* AnimatedLabel.swift */,
				63589F4F2521C3C1008CFD48 /* SettingsCell.swift */,
				63BAC6CD2542990D00A53057 /* MeasurementMarkerView.swift */,
				63EF334A25BEB3DB00880FA4 /* ConfettiView.swift */,
				6364B85725EC25D60043698A /* ChartView.swift */,
			);
			path = Views;
			sourceTree = "<group>";
		};
/* End PBXGroup section */

/* Begin PBXNativeTarget section */
		63A6A117251051D9009417CB /* Hydrate */ = {
			isa = PBXNativeTarget;
			buildConfigurationList = 63A6A12C251051DA009417CB /* Build configuration list for PBXNativeTarget "Hydrate" */;
			buildPhases = (
				63A6A114251051D9009417CB /* Sources */,
				63A6A115251051D9009417CB /* Frameworks */,
				63A6A116251051D9009417CB /* Resources */,
			);
			buildRules = (
			);
			dependencies = (
			);
			name = Hydrate;
			packageProductDependencies = (
				6364B85B25EC26950043698A /* CareKitUI */,
			);
			productName = Hydrate;
			productReference = 63A6A118251051D9009417CB /* Hydrate.app */;
			productType = "com.apple.product-type.application";
		};
/* End PBXNativeTarget section */

/* Begin PBXProject section */
		63A6A110251051D9009417CB /* Project object */ = {
			isa = PBXProject;
			attributes = {
				LastSwiftUpdateCheck = 1170;
				LastUpgradeCheck = 1200;
				ORGANIZATIONNAME = "David Wright";
				TargetAttributes = {
					63A6A117251051D9009417CB = {
						CreatedOnToolsVersion = 11.7;
					};
				};
			};
			buildConfigurationList = 63A6A113251051D9009417CB /* Build configuration list for PBXProject "Hydrate" */;
			compatibilityVersion = "Xcode 9.3";
			developmentRegion = en;
			hasScannedForEncodings = 0;
			knownRegions = (
				en,
				Base,
			);
			mainGroup = 63A6A10F251051D9009417CB;
			packageReferences = (
				6364B85A25EC26950043698A /* XCRemoteSwiftPackageReference "CareKit" */,
			);
			productRefGroup = 63A6A119251051D9009417CB /* Products */;
			projectDirPath = "";
			projectRoot = "";
			targets = (
				63A6A117251051D9009417CB /* Hydrate */,
			);
		};
/* End PBXProject section */

/* Begin PBXResourcesBuildPhase section */
		63A6A116251051D9009417CB /* Resources */ = {
			isa = PBXResourcesBuildPhase;
			buildActionMask = 2147483647;
			files = (
				63A6A128251051DA009417CB /* LaunchScreen.storyboard in Resources */,
				63A6A125251051DA009417CB /* Assets.xcassets in Resources */,
			);
			runOnlyForDeploymentPostprocessing = 0;
		};
/* End PBXResourcesBuildPhase section */

/* Begin PBXSourcesBuildPhase section */
		63A6A114251051D9009417CB /* Sources */ = {
			isa = PBXSourcesBuildPhase;
			buildActionMask = 2147483647;
			files = (
				635DA0042536C3280026D570 /* HydrateSettings.swift in Sources */,
				63769DD02526F08B00E26A48 /* DailyLogController.swift in Sources */,
				638DC58925182EB900C4D1D9 /* DailyLogTableViewController.swift in Sources */,
				635939C3251888EA00776BB9 /* Hydrate.xcdatamodeld in Sources */,
				638A3C9325D9C734008931D1 /* HealthKitSetupAssistant.swift in Sources */,
				63A6A13225105EF2009417CB /* MainViewController.swift in Sources */,
				63589F4C2521C037008CFD48 /* SettingsSection.swift in Sources */,
				63A6A11C251051D9009417CB /* AppDelegate.swift in Sources */,
				63A6A11E251051D9009417CB /* SceneDelegate.swift in Sources */,
				63A6A13D25107716009417CB /* WaterAnimationView.swift in Sources */,
				635939C625188A7F00776BB9 /* CoreDataStack.swift in Sources */,
				63BA790E25BA906F00ACCD95 /* UIViewController+Extension.swift in Sources */,
				63769DC82523F2FB00E26A48 /* DailyLog+Convenience.swift in Sources */,
				638A3C9D25DB074F008931D1 /* ProfileDataStore.swift in Sources */,
				638DC5852516718200C4D1D9 /* DataViewController.swift in Sources */,
				63A6A13725106964009417CB /* UIView+Extension.swift in Sources */,
				63D2E29125D77CF200AE52FB /* LocalNotificationContentModel.swift in Sources */,
				6364B85825EC25D60043698A /* ChartView.swift in Sources */,
				63589F48251FDD9C008CFD48 /* SettingsViewController.swift in Sources */,
				63D2E28E25D594CE00AE52FB /* LocalNotificationManager.swift in Sources */,
				63769DC22522EF6000E26A48 /* EntriesTableViewController.swift in Sources */,
				63BAC6CE2542990D00A53057 /* MeasurementMarkerView.swift in Sources */,
				63EF334B25BEB3DB00880FA4 /* ConfettiView.swift in Sources */,
				638A3D0625DB62C2008931D1 /* UITableView+Extension.swift in Sources */,
				63A6A135251067F2009417CB /* UIColor+Extension.swift in Sources */,
				635939C925188AE600776BB9 /* IntakeEntry+Convenience.swift in Sources */,
				6339BFB2251B4E4600310D1D /* AnimatedLabel.swift in Sources */,
				63589F502521C3C1008CFD48 /* SettingsCell.swift in Sources */,
				63769DD8252B025C00E26A48 /* Notification+Extension.swift in Sources */,
				63A6A139251069E8009417CB /* Date+Extension.swift in Sources */,
			);
			runOnlyForDeploymentPostprocessing = 0;
		};
/* End PBXSourcesBuildPhase section */

/* Begin PBXVariantGroup section */
		63A6A126251051DA009417CB /* LaunchScreen.storyboard */ = {
			isa = PBXVariantGroup;
			children = (
				63A6A127251051DA009417CB /* Base */,
			);
			name = LaunchScreen.storyboard;
			sourceTree = "<group>";
		};
/* End PBXVariantGroup section */

/* Begin XCBuildConfiguration section */
		63A6A12A251051DA009417CB /* Debug */ = {
			isa = XCBuildConfiguration;
			buildSettings = {
				ALWAYS_SEARCH_USER_PATHS = NO;
				CLANG_ANALYZER_NONNULL = YES;
				CLANG_ANALYZER_NUMBER_OBJECT_CONVERSION = YES_AGGRESSIVE;
				CLANG_CXX_LANGUAGE_STANDARD = "gnu++14";
				CLANG_CXX_LIBRARY = "libc++";
				CLANG_ENABLE_MODULES = YES;
				CLANG_ENABLE_OBJC_ARC = YES;
				CLANG_ENABLE_OBJC_WEAK = YES;
				CLANG_WARN_BLOCK_CAPTURE_AUTORELEASING = YES;
				CLANG_WARN_BOOL_CONVERSION = YES;
				CLANG_WARN_COMMA = YES;
				CLANG_WARN_CONSTANT_CONVERSION = YES;
				CLANG_WARN_DEPRECATED_OBJC_IMPLEMENTATIONS = YES;
				CLANG_WARN_DIRECT_OBJC_ISA_USAGE = YES_ERROR;
				CLANG_WARN_DOCUMENTATION_COMMENTS = YES;
				CLANG_WARN_EMPTY_BODY = YES;
				CLANG_WARN_ENUM_CONVERSION = YES;
				CLANG_WARN_INFINITE_RECURSION = YES;
				CLANG_WARN_INT_CONVERSION = YES;
				CLANG_WARN_NON_LITERAL_NULL_CONVERSION = YES;
				CLANG_WARN_OBJC_IMPLICIT_RETAIN_SELF = YES;
				CLANG_WARN_OBJC_LITERAL_CONVERSION = YES;
				CLANG_WARN_OBJC_ROOT_CLASS = YES_ERROR;
				CLANG_WARN_QUOTED_INCLUDE_IN_FRAMEWORK_HEADER = YES;
				CLANG_WARN_RANGE_LOOP_ANALYSIS = YES;
				CLANG_WARN_STRICT_PROTOTYPES = YES;
				CLANG_WARN_SUSPICIOUS_MOVE = YES;
				CLANG_WARN_UNGUARDED_AVAILABILITY = YES_AGGRESSIVE;
				CLANG_WARN_UNREACHABLE_CODE = YES;
				CLANG_WARN__DUPLICATE_METHOD_MATCH = YES;
				COPY_PHASE_STRIP = NO;
				DEBUG_INFORMATION_FORMAT = dwarf;
				ENABLE_STRICT_OBJC_MSGSEND = YES;
				ENABLE_TESTABILITY = YES;
				GCC_C_LANGUAGE_STANDARD = gnu11;
				GCC_DYNAMIC_NO_PIC = NO;
				GCC_NO_COMMON_BLOCKS = YES;
				GCC_OPTIMIZATION_LEVEL = 0;
				GCC_PREPROCESSOR_DEFINITIONS = (
					"DEBUG=1",
					"$(inherited)",
				);
				GCC_WARN_64_TO_32_BIT_CONVERSION = YES;
				GCC_WARN_ABOUT_RETURN_TYPE = YES_ERROR;
				GCC_WARN_UNDECLARED_SELECTOR = YES;
				GCC_WARN_UNINITIALIZED_AUTOS = YES_AGGRESSIVE;
				GCC_WARN_UNUSED_FUNCTION = YES;
				GCC_WARN_UNUSED_VARIABLE = YES;
				IPHONEOS_DEPLOYMENT_TARGET = 13.7;
				MTL_ENABLE_DEBUG_INFO = INCLUDE_SOURCE;
				MTL_FAST_MATH = YES;
				ONLY_ACTIVE_ARCH = YES;
				SDKROOT = iphoneos;
				SWIFT_ACTIVE_COMPILATION_CONDITIONS = DEBUG;
				SWIFT_OPTIMIZATION_LEVEL = "-Onone";
			};
			name = Debug;
		};
		63A6A12B251051DA009417CB /* Release */ = {
			isa = XCBuildConfiguration;
			buildSettings = {
				ALWAYS_SEARCH_USER_PATHS = NO;
				CLANG_ANALYZER_NONNULL = YES;
				CLANG_ANALYZER_NUMBER_OBJECT_CONVERSION = YES_AGGRESSIVE;
				CLANG_CXX_LANGUAGE_STANDARD = "gnu++14";
				CLANG_CXX_LIBRARY = "libc++";
				CLANG_ENABLE_MODULES = YES;
				CLANG_ENABLE_OBJC_ARC = YES;
				CLANG_ENABLE_OBJC_WEAK = YES;
				CLANG_WARN_BLOCK_CAPTURE_AUTORELEASING = YES;
				CLANG_WARN_BOOL_CONVERSION = YES;
				CLANG_WARN_COMMA = YES;
				CLANG_WARN_CONSTANT_CONVERSION = YES;
				CLANG_WARN_DEPRECATED_OBJC_IMPLEMENTATIONS = YES;
				CLANG_WARN_DIRECT_OBJC_ISA_USAGE = YES_ERROR;
				CLANG_WARN_DOCUMENTATION_COMMENTS = YES;
				CLANG_WARN_EMPTY_BODY = YES;
				CLANG_WARN_ENUM_CONVERSION = YES;
				CLANG_WARN_INFINITE_RECURSION = YES;
				CLANG_WARN_INT_CONVERSION = YES;
				CLANG_WARN_NON_LITERAL_NULL_CONVERSION = YES;
				CLANG_WARN_OBJC_IMPLICIT_RETAIN_SELF = YES;
				CLANG_WARN_OBJC_LITERAL_CONVERSION = YES;
				CLANG_WARN_OBJC_ROOT_CLASS = YES_ERROR;
				CLANG_WARN_QUOTED_INCLUDE_IN_FRAMEWORK_HEADER = YES;
				CLANG_WARN_RANGE_LOOP_ANALYSIS = YES;
				CLANG_WARN_STRICT_PROTOTYPES = YES;
				CLANG_WARN_SUSPICIOUS_MOVE = YES;
				CLANG_WARN_UNGUARDED_AVAILABILITY = YES_AGGRESSIVE;
				CLANG_WARN_UNREACHABLE_CODE = YES;
				CLANG_WARN__DUPLICATE_METHOD_MATCH = YES;
				COPY_PHASE_STRIP = NO;
				DEBUG_INFORMATION_FORMAT = "dwarf-with-dsym";
				ENABLE_NS_ASSERTIONS = NO;
				ENABLE_STRICT_OBJC_MSGSEND = YES;
				GCC_C_LANGUAGE_STANDARD = gnu11;
				GCC_NO_COMMON_BLOCKS = YES;
				GCC_WARN_64_TO_32_BIT_CONVERSION = YES;
				GCC_WARN_ABOUT_RETURN_TYPE = YES_ERROR;
				GCC_WARN_UNDECLARED_SELECTOR = YES;
				GCC_WARN_UNINITIALIZED_AUTOS = YES_AGGRESSIVE;
				GCC_WARN_UNUSED_FUNCTION = YES;
				GCC_WARN_UNUSED_VARIABLE = YES;
				IPHONEOS_DEPLOYMENT_TARGET = 13.7;
				MTL_ENABLE_DEBUG_INFO = NO;
				MTL_FAST_MATH = YES;
				SDKROOT = iphoneos;
				SWIFT_COMPILATION_MODE = wholemodule;
				SWIFT_OPTIMIZATION_LEVEL = "-O";
				VALIDATE_PRODUCT = YES;
			};
			name = Release;
		};
		63A6A12D251051DA009417CB /* Debug */ = {
			isa = XCBuildConfiguration;
			buildSettings = {
				ASSETCATALOG_COMPILER_APPICON_NAME = AppIcon;
				CODE_SIGN_ENTITLEMENTS = Hydrate/Resources/Hydrate.entitlements;
				CODE_SIGN_STYLE = Automatic;
				DEVELOPMENT_TEAM = 3BQB6FYF6S;
				INFOPLIST_FILE = Hydrate/Resources/Info.plist;
				LD_RUNPATH_SEARCH_PATHS = (
					"$(inherited)",
					"@executable_path/Frameworks",
				);
				PRODUCT_BUNDLE_IDENTIFIER = com.davidwright.ios.Hydrate;
				PRODUCT_NAME = "$(TARGET_NAME)";
				SWIFT_VERSION = 5.0;
				TARGETED_DEVICE_FAMILY = "1,2";
			};
			name = Debug;
		};
		63A6A12E251051DA009417CB /* Release */ = {
			isa = XCBuildConfiguration;
			buildSettings = {
				ASSETCATALOG_COMPILER_APPICON_NAME = AppIcon;
				CODE_SIGN_ENTITLEMENTS = Hydrate/Resources/Hydrate.entitlements;
				CODE_SIGN_STYLE = Automatic;
				DEVELOPMENT_TEAM = 3BQB6FYF6S;
				INFOPLIST_FILE = Hydrate/Resources/Info.plist;
				LD_RUNPATH_SEARCH_PATHS = (
					"$(inherited)",
					"@executable_path/Frameworks",
				);
				PRODUCT_BUNDLE_IDENTIFIER = com.davidwright.ios.Hydrate;
				PRODUCT_NAME = "$(TARGET_NAME)";
				SWIFT_VERSION = 5.0;
				TARGETED_DEVICE_FAMILY = "1,2";
			};
			name = Release;
		};
/* End XCBuildConfiguration section */

/* Begin XCConfigurationList section */
		63A6A113251051D9009417CB /* Build configuration list for PBXProject "Hydrate" */ = {
			isa = XCConfigurationList;
			buildConfigurations = (
				63A6A12A251051DA009417CB /* Debug */,
				63A6A12B251051DA009417CB /* Release */,
			);
			defaultConfigurationIsVisible = 0;
			defaultConfigurationName = Release;
		};
		63A6A12C251051DA009417CB /* Build configuration list for PBXNativeTarget "Hydrate" */ = {
			isa = XCConfigurationList;
			buildConfigurations = (
				63A6A12D251051DA009417CB /* Debug */,
				63A6A12E251051DA009417CB /* Release */,
			);
			defaultConfigurationIsVisible = 0;
			defaultConfigurationName = Release;
		};
/* End XCConfigurationList section */

/* Begin XCRemoteSwiftPackageReference section */
		6364B85A25EC26950043698A /* XCRemoteSwiftPackageReference "CareKit" */ = {
			isa = XCRemoteSwiftPackageReference;
			repositoryURL = "https://github.com/carekit-apple/CareKit.git";
			requirement = {
				branch = main;
				kind = branch;
			};
		};
/* End XCRemoteSwiftPackageReference section */

/* Begin XCSwiftPackageProductDependency section */
		6364B85B25EC26950043698A /* CareKitUI */ = {
			isa = XCSwiftPackageProductDependency;
			package = 6364B85A25EC26950043698A /* XCRemoteSwiftPackageReference "CareKit" */;
			productName = CareKitUI;
		};
/* End XCSwiftPackageProductDependency section */

/* Begin XCVersionGroup section */
		635939C1251888EA00776BB9 /* Hydrate.xcdatamodeld */ = {
			isa = XCVersionGroup;
			children = (
				635939C2251888EA00776BB9 /* Hydrate.xcdatamodel */,
			);
			currentVersion = 635939C2251888EA00776BB9 /* Hydrate.xcdatamodel */;
			path = Hydrate.xcdatamodeld;
			sourceTree = "<group>";
			versionGroupType = wrapper.xcdatamodel;
		};
/* End XCVersionGroup section */
	};
	rootObject = 63A6A110251051D9009417CB /* Project object */;
}
